
Microsoft Visual Studio Solution File, Format Version 12.00
# Visual Studio Version 17
VisualStudioVersion = 17.7.34031.279
MinimumVisualStudioVersion = 10.0.40219.1
Project("{FAE04EC0-301F-11D3-BF4B-00C04F79EFBC}") = "EFLab10", "EFLab10\EFLab10.csproj", "{1C6F3F5A-03FD-4E59-A69E-F53277C06E5F}"
EndProject
Global
	GlobalSection(SolutionConfigurationPlatforms) = preSolution
		Debug|Any CPU = Debug|Any CPU
		Release|Any CPU = Release|Any CPU
	EndGlobalSection
	GlobalSection(ProjectConfigurationPlatforms) = postSolution
		{1C6F3F5A-03FD-4E59-A69E-F53277C06E5F}.Debug|Any CPU.ActiveCfg = Debug|Any CPU
		{1C6F3F5A-03FD-4E59-A69E-F53277C06E5F}.Debug|Any CPU.Build.0 = Debug|Any CPU
		{1C6F3F5A-03FD-4E59-A69E-F53277C06E5F}.Release|Any CPU.ActiveCfg = Release|Any CPU
		{1C6F3F5A-03FD-4E59-A69E-F53277C06E5F}.Release|Any CPU.Build.0 = Release|Any CPU
	EndGlobalSection
	GlobalSection(SolutionProperties) = preSolution
		HideSolutionNode = FALSE
	EndGlobalSection
	GlobalSection(ExtensibilityGlobals) = postSolution
		SolutionGuid = {98A46B7A-427E-4455-A8AC-5FAE9EDB3117}
	EndGlobalSection
EndGlobal
